
Microsoft Visual Studio Solution File, Format Version 12.00
# Visual Studio Version 16
VisualStudioVersion = 16.0.30907.101
MinimumVisualStudioVersion = 10.0.40219.1
Project("{FAE04EC0-301F-11D3-BF4B-00C04F79EFBC}") = "laba5_apl", "laba5_apl\laba5_apl.csproj", "{5B46CA47-E6CF-438C-82A4-FC8D05CF4224}"
EndProject
Global
	GlobalSection(SolutionConfigurationPlatforms) = preSolution
		Debug|Any CPU = Debug|Any CPU
		Release|Any CPU = Release|Any CPU
	EndGlobalSection
	GlobalSection(ProjectConfigurationPlatforms) = postSolution
		{5B46CA47-E6CF-438C-82A4-FC8D05CF4224}.Debug|Any CPU.ActiveCfg = Debug|Any CPU
		{5B46CA47-E6CF-438C-82A4-FC8D05CF4224}.Debug|Any CPU.Build.0 = Debug|Any CPU
		{5B46CA47-E6CF-438C-82A4-FC8D05CF4224}.Release|Any CPU.ActiveCfg = Release|Any CPU
		{5B46CA47-E6CF-438C-82A4-FC8D05CF4224}.Release|Any CPU.Build.0 = Release|Any CPU
	EndGlobalSection
	GlobalSection(SolutionProperties) = preSolution
		HideSolutionNode = FALSE
	EndGlobalSection
	GlobalSection(ExtensibilityGlobals) = postSolution
		SolutionGuid = {25DA689B-1ABD-4DA8-8383-F8B180DB5E36}
	EndGlobalSection
EndGlobal
